// !$*UTF8*$!
{
	archiveVersion = 1;
	classes = {
	};
	objectVersion = 46;
	objects = {

/* Begin PBXBuildFile section */
		8836ECD1166D0332007E6795 /* UIKit.framework in Frameworks */ = {isa = PBXBuildFile; fileRef = 8836ECD0166D0332007E6795 /* UIKit.framework */; };
		8836ECD3166D0332007E6795 /* Foundation.framework in Frameworks */ = {isa = PBXBuildFile; fileRef = 8836ECD2166D0332007E6795 /* Foundation.framework */; };
		8836ECD5166D0332007E6795 /* CoreGraphics.framework in Frameworks */ = {isa = PBXBuildFile; fileRef = 8836ECD4166D0332007E6795 /* CoreGraphics.framework */; };
		8836ECDB166D0332007E6795 /* InfoPlist.strings in Resources */ = {isa = PBXBuildFile; fileRef = 8836ECD9166D0332007E6795 /* InfoPlist.strings */; };
		8836ECDD166D0332007E6795 /* main.m in Sources */ = {isa = PBXBuildFile; fileRef = 8836ECDC166D0332007E6795 /* main.m */; };
		8836ECE1166D0332007E6795 /* AppDelegate.m in Sources */ = {isa = PBXBuildFile; fileRef = 8836ECE0166D0332007E6795 /* AppDelegate.m */; };
		8836ECE3166D0332007E6795 /* Default.png in Resources */ = {isa = PBXBuildFile; fileRef = 8836ECE2166D0332007E6795 /* Default.png */; };
		8836ECE5166D0332007E6795 /* Default@2x.png in Resources */ = {isa = PBXBuildFile; fileRef = 8836ECE4166D0332007E6795 /* Default@2x.png */; };
		8836ECE7166D0332007E6795 /* Default-568h@2x.png in Resources */ = {isa = PBXBuildFile; fileRef = 8836ECE6166D0332007E6795 /* Default-568h@2x.png */; };
		8836ECEA166D0332007E6795 /* MainStoryboard.storyboard in Resources */ = {isa = PBXBuildFile; fileRef = 8836ECE8166D0332007E6795 /* MainStoryboard.storyboard */; };
		8836ECED166D0332007E6795 /* FirstViewController.m in Sources */ = {isa = PBXBuildFile; fileRef = 8836ECEC166D0332007E6795 /* FirstViewController.m */; };
		8836ECEF166D0332007E6795 /* first.png in Resources */ = {isa = PBXBuildFile; fileRef = 8836ECEE166D0332007E6795 /* first.png */; };
		8836ECF1166D0332007E6795 /* first@2x.png in Resources */ = {isa = PBXBuildFile; fileRef = 8836ECF0166D0332007E6795 /* first@2x.png */; };
		8836ECF4166D0332007E6795 /* SecondViewController.m in Sources */ = {isa = PBXBuildFile; fileRef = 8836ECF3166D0332007E6795 /* SecondViewController.m */; };
		8836ECF6166D0332007E6795 /* second.png in Resources */ = {isa = PBXBuildFile; fileRef = 8836ECF5166D0332007E6795 /* second.png */; };
		8836ECF8166D0332007E6795 /* second@2x.png in Resources */ = {isa = PBXBuildFile; fileRef = 8836ECF7166D0332007E6795 /* second@2x.png */; };
		8836ED12166D0B43007E6795 /* libRestKit.a in Frameworks */ = {isa = PBXBuildFile; fileRef = 8836ED09166D09E6007E6795 /* libRestKit.a */; };
		8836ED14166D0B52007E6795 /* CFNetwork.framework in Frameworks */ = {isa = PBXBuildFile; fileRef = 8836ED13166D0B52007E6795 /* CFNetwork.framework */; };
		8836ED16166D0B55007E6795 /* CoreData.framework in Frameworks */ = {isa = PBXBuildFile; fileRef = 8836ED15166D0B55007E6795 /* CoreData.framework */; };
		8836ED18166D0B5A007E6795 /* MobileCoreServices.framework in Frameworks */ = {isa = PBXBuildFile; fileRef = 8836ED17166D0B5A007E6795 /* MobileCoreServices.framework */; };
		8836ED1A166D0B5D007E6795 /* Security.framework in Frameworks */ = {isa = PBXBuildFile; fileRef = 8836ED19166D0B5D007E6795 /* Security.framework */; };
		8836ED1C166D0B62007E6795 /* SystemConfiguration.framework in Frameworks */ = {isa = PBXBuildFile; fileRef = 8836ED1B166D0B62007E6795 /* SystemConfiguration.framework */; };
		8836ED1F166D157B007E6795 /* Article.m in Sources */ = {isa = PBXBuildFile; fileRef = 8836ED1E166D157B007E6795 /* Article.m */; };
/* End PBXBuildFile section */

/* Begin PBXContainerItemProxy section */
		8836ED08166D09E6007E6795 /* PBXContainerItemProxy */ = {
			isa = PBXContainerItemProxy;
			containerPortal = 8836ECFE166D09E6007E6795 /* RestKit.xcodeproj */;
			proxyType = 2;
			remoteGlobalIDString = 25160D1614564E810060A5C5;
			remoteInfo = RestKit;
		};
		8836ED0A166D09E6007E6795 /* PBXContainerItemProxy */ = {
			isa = PBXContainerItemProxy;
			containerPortal = 8836ECFE166D09E6007E6795 /* RestKit.xcodeproj */;
			proxyType = 2;
			remoteGlobalIDString = 25160D2614564E820060A5C5;
			remoteInfo = RestKitTests;
		};
		8836ED0C166D09E6007E6795 /* PBXContainerItemProxy */ = {
			isa = PBXContainerItemProxy;
			containerPortal = 8836ECFE166D09E6007E6795 /* RestKit.xcodeproj */;
			proxyType = 2;
			remoteGlobalIDString = 25160E62145651060060A5C5;
			remoteInfo = RestKitFramework;
		};
		8836ED0E166D09E6007E6795 /* PBXContainerItemProxy */ = {
			isa = PBXContainerItemProxy;
			containerPortal = 8836ECFE166D09E6007E6795 /* RestKit.xcodeproj */;
			proxyType = 2;
			remoteGlobalIDString = 25160E78145651060060A5C5;
			remoteInfo = RestKitFrameworkTests;
		};
		8836ED10166D0AAF007E6795 /* PBXContainerItemProxy */ = {
			isa = PBXContainerItemProxy;
			containerPortal = 8836ECFE166D09E6007E6795 /* RestKit.xcodeproj */;
			proxyType = 1;
			remoteGlobalIDString = 25160D1514564E810060A5C5;
			remoteInfo = RestKit;
		};
/* End PBXContainerItemProxy section */

/* Begin PBXFileReference section */
		8836ECCC166D0332007E6795 /* MatchTrackerApp.app */ = {isa = PBXFileReference; explicitFileType = wrapper.application; includeInIndex = 0; path = MatchTrackerApp.app; sourceTree = BUILT_PRODUCTS_DIR; };
		8836ECD0166D0332007E6795 /* UIKit.framework */ = {isa = PBXFileReference; lastKnownFileType = wrapper.framework; name = UIKit.framework; path = System/Library/Frameworks/UIKit.framework; sourceTree = SDKROOT; };
		8836ECD2166D0332007E6795 /* Foundation.framework */ = {isa = PBXFileReference; lastKnownFileType = wrapper.framework; name = Foundation.framework; path = System/Library/Frameworks/Foundation.framework; sourceTree = SDKROOT; };
		8836ECD4166D0332007E6795 /* CoreGraphics.framework */ = {isa = PBXFileReference; lastKnownFileType = wrapper.framework; name = CoreGraphics.framework; path = System/Library/Frameworks/CoreGraphics.framework; sourceTree = SDKROOT; };
		8836ECD8166D0332007E6795 /* MatchTrackerApp-Info.plist */ = {isa = PBXFileReference; lastKnownFileType = text.plist.xml; path = "MatchTrackerApp-Info.plist"; sourceTree = "<group>"; };
		8836ECDA166D0332007E6795 /* en */ = {isa = PBXFileReference; lastKnownFileType = text.plist.strings; name = en; path = en.lproj/InfoPlist.strings; sourceTree = "<group>"; };
		8836ECDC166D0332007E6795 /* main.m */ = {isa = PBXFileReference; lastKnownFileType = sourcecode.c.objc; path = main.m; sourceTree = "<group>"; };
		8836ECDE166D0332007E6795 /* MatchTrackerApp-Prefix.pch */ = {isa = PBXFileReference; lastKnownFileType = sourcecode.c.h; path = "MatchTrackerApp-Prefix.pch"; sourceTree = "<group>"; };
		8836ECDF166D0332007E6795 /* AppDelegate.h */ = {isa = PBXFileReference; lastKnownFileType = sourcecode.c.h; path = AppDelegate.h; sourceTree = "<group>"; };
		8836ECE0166D0332007E6795 /* AppDelegate.m */ = {isa = PBXFileReference; lastKnownFileType = sourcecode.c.objc; path = AppDelegate.m; sourceTree = "<group>"; };
		8836ECE2166D0332007E6795 /* Default.png */ = {isa = PBXFileReference; lastKnownFileType = image.png; path = Default.png; sourceTree = "<group>"; };
		8836ECE4166D0332007E6795 /* Default@2x.png */ = {isa = PBXFileReference; lastKnownFileType = image.png; path = "Default@2x.png"; sourceTree = "<group>"; };
		8836ECE6166D0332007E6795 /* Default-568h@2x.png */ = {isa = PBXFileReference; lastKnownFileType = image.png; path = "Default-568h@2x.png"; sourceTree = "<group>"; };
		8836ECE9166D0332007E6795 /* en */ = {isa = PBXFileReference; lastKnownFileType = file.storyboard; name = en; path = en.lproj/MainStoryboard.storyboard; sourceTree = "<group>"; };
		8836ECEB166D0332007E6795 /* FirstViewController.h */ = {isa = PBXFileReference; lastKnownFileType = sourcecode.c.h; path = FirstViewController.h; sourceTree = "<group>"; };
		8836ECEC166D0332007E6795 /* FirstViewController.m */ = {isa = PBXFileReference; lastKnownFileType = sourcecode.c.objc; path = FirstViewController.m; sourceTree = "<group>"; };
		8836ECEE166D0332007E6795 /* first.png */ = {isa = PBXFileReference; lastKnownFileType = image.png; path = first.png; sourceTree = "<group>"; };
		8836ECF0166D0332007E6795 /* first@2x.png */ = {isa = PBXFileReference; lastKnownFileType = image.png; path = "first@2x.png"; sourceTree = "<group>"; };
		8836ECF2166D0332007E6795 /* SecondViewController.h */ = {isa = PBXFileReference; lastKnownFileType = sourcecode.c.h; path = SecondViewController.h; sourceTree = "<group>"; };
		8836ECF3166D0332007E6795 /* SecondViewController.m */ = {isa = PBXFileReference; lastKnownFileType = sourcecode.c.objc; path = SecondViewController.m; sourceTree = "<group>"; };
		8836ECF5166D0332007E6795 /* second.png */ = {isa = PBXFileReference; lastKnownFileType = image.png; path = second.png; sourceTree = "<group>"; };
		8836ECF7166D0332007E6795 /* second@2x.png */ = {isa = PBXFileReference; lastKnownFileType = image.png; path = "second@2x.png"; sourceTree = "<group>"; };
		8836ECFE166D09E6007E6795 /* RestKit.xcodeproj */ = {isa = PBXFileReference; lastKnownFileType = "wrapper.pb-project"; name = RestKit.xcodeproj; path = RestKit/RestKit.xcodeproj; sourceTree = "<group>"; };
		8836ED13166D0B52007E6795 /* CFNetwork.framework */ = {isa = PBXFileReference; lastKnownFileType = wrapper.framework; name = CFNetwork.framework; path = System/Library/Frameworks/CFNetwork.framework; sourceTree = SDKROOT; };
		8836ED15166D0B55007E6795 /* CoreData.framework */ = {isa = PBXFileReference; lastKnownFileType = wrapper.framework; name = CoreData.framework; path = System/Library/Frameworks/CoreData.framework; sourceTree = SDKROOT; };
		8836ED17166D0B5A007E6795 /* MobileCoreServices.framework */ = {isa = PBXFileReference; lastKnownFileType = wrapper.framework; name = MobileCoreServices.framework; path = System/Library/Frameworks/MobileCoreServices.framework; sourceTree = SDKROOT; };
		8836ED19166D0B5D007E6795 /* Security.framework */ = {isa = PBXFileReference; lastKnownFileType = wrapper.framework; name = Security.framework; path = System/Library/Frameworks/Security.framework; sourceTree = SDKROOT; };
		8836ED1B166D0B62007E6795 /* SystemConfiguration.framework */ = {isa = PBXFileReference; lastKnownFileType = wrapper.framework; name = SystemConfiguration.framework; path = System/Library/Frameworks/SystemConfiguration.framework; sourceTree = SDKROOT; };
		8836ED1D166D157B007E6795 /* Article.h */ = {isa = PBXFileReference; fileEncoding = 4; lastKnownFileType = sourcecode.c.h; path = Article.h; sourceTree = "<group>"; };
		8836ED1E166D157B007E6795 /* Article.m */ = {isa = PBXFileReference; fileEncoding = 4; lastKnownFileType = sourcecode.c.objc; path = Article.m; sourceTree = "<group>"; };
/* End PBXFileReference section */

/* Begin PBXFrameworksBuildPhase section */
		8836ECC9166D0332007E6795 /* Frameworks */ = {
			isa = PBXFrameworksBuildPhase;
			buildActionMask = 2147483647;
			files = (
				8836ED1C166D0B62007E6795 /* SystemConfiguration.framework in Frameworks */,
				8836ED1A166D0B5D007E6795 /* Security.framework in Frameworks */,
				8836ED18166D0B5A007E6795 /* MobileCoreServices.framework in Frameworks */,
				8836ED16166D0B55007E6795 /* CoreData.framework in Frameworks */,
				8836ED14166D0B52007E6795 /* CFNetwork.framework in Frameworks */,
				8836ED12166D0B43007E6795 /* libRestKit.a in Frameworks */,
				8836ECD1166D0332007E6795 /* UIKit.framework in Frameworks */,
				8836ECD3166D0332007E6795 /* Foundation.framework in Frameworks */,
				8836ECD5166D0332007E6795 /* CoreGraphics.framework in Frameworks */,
			);
			runOnlyForDeploymentPostprocessing = 0;
		};
/* End PBXFrameworksBuildPhase section */

/* Begin PBXGroup section */
		8836ECC1166D0332007E6795 = {
			isa = PBXGroup;
			children = (
				8836ECFE166D09E6007E6795 /* RestKit.xcodeproj */,
				8836ECD6166D0332007E6795 /* MatchTrackerApp */,
				8836ECCF166D0332007E6795 /* Frameworks */,
				8836ECCD166D0332007E6795 /* Products */,
			);
			sourceTree = "<group>";
		};
		8836ECCD166D0332007E6795 /* Products */ = {
			isa = PBXGroup;
			children = (
				8836ECCC166D0332007E6795 /* MatchTrackerApp.app */,
			);
			name = Products;
			sourceTree = "<group>";
		};
		8836ECCF166D0332007E6795 /* Frameworks */ = {
			isa = PBXGroup;
			children = (
				8836ED1B166D0B62007E6795 /* SystemConfiguration.framework */,
				8836ED19166D0B5D007E6795 /* Security.framework */,
				8836ED17166D0B5A007E6795 /* MobileCoreServices.framework */,
				8836ED15166D0B55007E6795 /* CoreData.framework */,
				8836ED13166D0B52007E6795 /* CFNetwork.framework */,
				8836ECD0166D0332007E6795 /* UIKit.framework */,
				8836ECD2166D0332007E6795 /* Foundation.framework */,
				8836ECD4166D0332007E6795 /* CoreGraphics.framework */,
			);
			name = Frameworks;
			sourceTree = "<group>";
		};
		8836ECD6166D0332007E6795 /* MatchTrackerApp */ = {
			isa = PBXGroup;
			children = (
				8836ECDF166D0332007E6795 /* AppDelegate.h */,
				8836ECE0166D0332007E6795 /* AppDelegate.m */,
				8836ECE8166D0332007E6795 /* MainStoryboard.storyboard */,
				8836ECEB166D0332007E6795 /* FirstViewController.h */,
				8836ECEC166D0332007E6795 /* FirstViewController.m */,
				8836ECEE166D0332007E6795 /* first.png */,
				8836ECF0166D0332007E6795 /* first@2x.png */,
				8836ECF2166D0332007E6795 /* SecondViewController.h */,
				8836ECF3166D0332007E6795 /* SecondViewController.m */,
				8836ECF5166D0332007E6795 /* second.png */,
				8836ECF7166D0332007E6795 /* second@2x.png */,
				8836ECD7166D0332007E6795 /* Supporting Files */,
				8836ED1D166D157B007E6795 /* Article.h */,
				8836ED1E166D157B007E6795 /* Article.m */,
			);
			path = MatchTrackerApp;
			sourceTree = "<group>";
		};
		8836ECD7166D0332007E6795 /* Supporting Files */ = {
			isa = PBXGroup;
			children = (
				8836ECD8166D0332007E6795 /* MatchTrackerApp-Info.plist */,
				8836ECD9166D0332007E6795 /* InfoPlist.strings */,
				8836ECDC166D0332007E6795 /* main.m */,
				8836ECDE166D0332007E6795 /* MatchTrackerApp-Prefix.pch */,
				8836ECE2166D0332007E6795 /* Default.png */,
				8836ECE4166D0332007E6795 /* Default@2x.png */,
				8836ECE6166D0332007E6795 /* Default-568h@2x.png */,
			);
			name = "Supporting Files";
			sourceTree = "<group>";
		};
		8836ECFF166D09E6007E6795 /* Products */ = {
			isa = PBXGroup;
			children = (
				8836ED09166D09E6007E6795 /* libRestKit.a */,
				8836ED0B166D09E6007E6795 /* RestKitTests.octest */,
				8836ED0D166D09E6007E6795 /* RestKit.framework */,
				8836ED0F166D09E6007E6795 /* RestKitFrameworkTests.octest */,
			);
			name = Products;
			sourceTree = "<group>";
		};
/* End PBXGroup section */

/* Begin PBXNativeTarget section */
		8836ECCB166D0332007E6795 /* MatchTrackerApp */ = {
			isa = PBXNativeTarget;
			buildConfigurationList = 8836ECFB166D0332007E6795 /* Build configuration list for PBXNativeTarget "MatchTrackerApp" */;
			buildPhases = (
				8836ECC8166D0332007E6795 /* Sources */,
				8836ECC9166D0332007E6795 /* Frameworks */,
				8836ECCA166D0332007E6795 /* Resources */,
			);
			buildRules = (
			);
			dependencies = (
				8836ED11166D0AAF007E6795 /* PBXTargetDependency */,
			);
			name = MatchTrackerApp;
			productName = MatchTrackerApp;
			productReference = 8836ECCC166D0332007E6795 /* MatchTrackerApp.app */;
			productType = "com.apple.product-type.application";
		};
/* End PBXNativeTarget section */

/* Begin PBXProject section */
		8836ECC3166D0332007E6795 /* Project object */ = {
			isa = PBXProject;
			attributes = {
				LastUpgradeCheck = 0450;
				ORGANIZATIONNAME = Jesse;
			};
			buildConfigurationList = 8836ECC6166D0332007E6795 /* Build configuration list for PBXProject "MatchTrackerApp" */;
			compatibilityVersion = "Xcode 3.2";
			developmentRegion = English;
			hasScannedForEncodings = 0;
			knownRegions = (
				en,
			);
			mainGroup = 8836ECC1166D0332007E6795;
			productRefGroup = 8836ECCD166D0332007E6795 /* Products */;
			projectDirPath = "";
			projectReferences = (
				{
					ProductGroup = 8836ECFF166D09E6007E6795 /* Products */;
					ProjectRef = 8836ECFE166D09E6007E6795 /* RestKit.xcodeproj */;
				},
			);
			projectRoot = "";
			targets = (
				8836ECCB166D0332007E6795 /* MatchTrackerApp */,
			);
		};
/* End PBXProject section */

/* Begin PBXReferenceProxy section */
		8836ED09166D09E6007E6795 /* libRestKit.a */ = {
			isa = PBXReferenceProxy;
			fileType = archive.ar;
			path = libRestKit.a;
			remoteRef = 8836ED08166D09E6007E6795 /* PBXContainerItemProxy */;
			sourceTree = BUILT_PRODUCTS_DIR;
		};
		8836ED0B166D09E6007E6795 /* RestKitTests.octest */ = {
			isa = PBXReferenceProxy;
			fileType = wrapper.cfbundle;
			path = RestKitTests.octest;
			remoteRef = 8836ED0A166D09E6007E6795 /* PBXContainerItemProxy */;
			sourceTree = BUILT_PRODUCTS_DIR;
		};
		8836ED0D166D09E6007E6795 /* RestKit.framework */ = {
			isa = PBXReferenceProxy;
			fileType = wrapper.framework;
			path = RestKit.framework;
			remoteRef = 8836ED0C166D09E6007E6795 /* PBXContainerItemProxy */;
			sourceTree = BUILT_PRODUCTS_DIR;
		};
		8836ED0F166D09E6007E6795 /* RestKitFrameworkTests.octest */ = {
			isa = PBXReferenceProxy;
			fileType = wrapper.cfbundle;
			path = RestKitFrameworkTests.octest;
			remoteRef = 8836ED0E166D09E6007E6795 /* PBXContainerItemProxy */;
			sourceTree = BUILT_PRODUCTS_DIR;
		};
/* End PBXReferenceProxy section */

/* Begin PBXResourcesBuildPhase section */
		8836ECCA166D0332007E6795 /* Resources */ = {
			isa = PBXResourcesBuildPhase;
			buildActionMask = 2147483647;
			files = (
				8836ECDB166D0332007E6795 /* InfoPlist.strings in Resources */,
				8836ECE3166D0332007E6795 /* Default.png in Resources */,
				8836ECE5166D0332007E6795 /* Default@2x.png in Resources */,
				8836ECE7166D0332007E6795 /* Default-568h@2x.png in Resources */,
				8836ECEA166D0332007E6795 /* MainStoryboard.storyboard in Resources */,
				8836ECEF166D0332007E6795 /* first.png in Resources */,
				8836ECF1166D0332007E6795 /* first@2x.png in Resources */,
				8836ECF6166D0332007E6795 /* second.png in Resources */,
				8836ECF8166D0332007E6795 /* second@2x.png in Resources */,
			);
			runOnlyForDeploymentPostprocessing = 0;
		};
/* End PBXResourcesBuildPhase section */

/* Begin PBXSourcesBuildPhase section */
		8836ECC8166D0332007E6795 /* Sources */ = {
			isa = PBXSourcesBuildPhase;
			buildActionMask = 2147483647;
			files = (
				8836ECDD166D0332007E6795 /* main.m in Sources */,
				8836ECE1166D0332007E6795 /* AppDelegate.m in Sources */,
				8836ECED166D0332007E6795 /* FirstViewController.m in Sources */,
				8836ECF4166D0332007E6795 /* SecondViewController.m in Sources */,
				8836ED1F166D157B007E6795 /* Article.m in Sources */,
			);
			runOnlyForDeploymentPostprocessing = 0;
		};
/* End PBXSourcesBuildPhase section */

/* Begin PBXTargetDependency section */
		8836ED11166D0AAF007E6795 /* PBXTargetDependency */ = {
			isa = PBXTargetDependency;
			name = RestKit;
			targetProxy = 8836ED10166D0AAF007E6795 /* PBXContainerItemProxy */;
		};
/* End PBXTargetDependency section */

/* Begin PBXVariantGroup section */
		8836ECD9166D0332007E6795 /* InfoPlist.strings */ = {
			isa = PBXVariantGroup;
			children = (
				8836ECDA166D0332007E6795 /* en */,
			);
			name = InfoPlist.strings;
			sourceTree = "<group>";
		};
		8836ECE8166D0332007E6795 /* MainStoryboard.storyboard */ = {
			isa = PBXVariantGroup;
			children = (
				8836ECE9166D0332007E6795 /* en */,
			);
			name = MainStoryboard.storyboard;
			sourceTree = "<group>";
		};
/* End PBXVariantGroup section */

/* Begin XCBuildConfiguration section */
		8836ECF9166D0332007E6795 /* Debug */ = {
			isa = XCBuildConfiguration;
			buildSettings = {
				ALWAYS_SEARCH_USER_PATHS = NO;
				CLANG_CXX_LANGUAGE_STANDARD = "gnu++0x";
				CLANG_CXX_LIBRARY = "libc++";
				CLANG_ENABLE_OBJC_ARC = YES;
				CLANG_WARN_EMPTY_BODY = YES;
				CLANG_WARN__DUPLICATE_METHOD_MATCH = YES;
				"CODE_SIGN_IDENTITY[sdk=iphoneos*]" = "iPhone Developer";
				COPY_PHASE_STRIP = NO;
				GCC_C_LANGUAGE_STANDARD = gnu99;
				GCC_DYNAMIC_NO_PIC = NO;
				GCC_OPTIMIZATION_LEVEL = 0;
				GCC_PREPROCESSOR_DEFINITIONS = (
					"DEBUG=1",
					"$(inherited)",
				);
				GCC_SYMBOLS_PRIVATE_EXTERN = NO;
				GCC_WARN_ABOUT_RETURN_TYPE = YES;
				GCC_WARN_UNINITIALIZED_AUTOS = YES;
				GCC_WARN_UNUSED_VARIABLE = YES;
				HEADER_SEARCH_PATHS = "\"$(BUILT_PRODUCTS_DIR)/../../Headers\"";
				IPHONEOS_DEPLOYMENT_TARGET = 6.0;
				ONLY_ACTIVE_ARCH = YES;
				OTHER_LDFLAGS = (
					"-ObjC",
					"-all_load",
				);
				SDKROOT = iphoneos;
			};
			name = Debug;
		};
		8836ECFA166D0332007E6795 /* Release */ = {
			isa = XCBuildConfiguration;
			buildSettings = {
				ALWAYS_SEARCH_USER_PATHS = NO;
				CLANG_CXX_LANGUAGE_STANDARD = "gnu++0x";
				CLANG_CXX_LIBRARY = "libc++";
				CLANG_ENABLE_OBJC_ARC = YES;
				CLANG_WARN_EMPTY_BODY = YES;
				CLANG_WARN__DUPLICATE_METHOD_MATCH = YES;
				"CODE_SIGN_IDENTITY[sdk=iphoneos*]" = "iPhone Developer";
				COPY_PHASE_STRIP = YES;
				GCC_C_LANGUAGE_STANDARD = gnu99;
				GCC_WARN_ABOUT_RETURN_TYPE = YES;
				GCC_WARN_UNINITIALIZED_AUTOS = YES;
				GCC_WARN_UNUSED_VARIABLE = YES;
				HEADER_SEARCH_PATHS = "\"$(BUILT_PRODUCTS_DIR)/../../Headers\"";
				IPHONEOS_DEPLOYMENT_TARGET = 6.0;
				OTHER_CFLAGS = "-DNS_BLOCK_ASSERTIONS=1";
				OTHER_LDFLAGS = (
					"-ObjC",
					"-all_load",
				);
				SDKROOT = iphoneos;
				VALIDATE_PRODUCT = YES;
			};
			name = Release;
		};
		8836ECFC166D0332007E6795 /* Debug */ = {
			isa = XCBuildConfiguration;
			buildSettings = {
				GCC_PRECOMPILE_PREFIX_HEADER = YES;
				GCC_PREFIX_HEADER = "MatchTrackerApp/MatchTrackerApp-Prefix.pch";
				INFOPLIST_FILE = "MatchTrackerApp/MatchTrackerApp-Info.plist";
				PRODUCT_NAME = "$(TARGET_NAME)";
				WRAPPER_EXTENSION = app;
			};
			name = Debug;
		};
		8836ECFD166D0332007E6795 /* Release */ = {
			isa = XCBuildConfiguration;
			buildSettings = {
				GCC_PRECOMPILE_PREFIX_HEADER = YES;
				GCC_PREFIX_HEADER = "MatchTrackerApp/MatchTrackerApp-Prefix.pch";
				INFOPLIST_FILE = "MatchTrackerApp/MatchTrackerApp-Info.plist";
				PRODUCT_NAME = "$(TARGET_NAME)";
				WRAPPER_EXTENSION = app;
			};
			name = Release;
		};
/* End XCBuildConfiguration section */

/* Begin XCConfigurationList section */
		8836ECC6166D0332007E6795 /* Build configuration list for PBXProject "MatchTrackerApp" */ = {
			isa = XCConfigurationList;
			buildConfigurations = (
				8836ECF9166D0332007E6795 /* Debug */,
				8836ECFA166D0332007E6795 /* Release */,
			);
			defaultConfigurationIsVisible = 0;
			defaultConfigurationName = Release;
		};
		8836ECFB166D0332007E6795 /* Build configuration list for PBXNativeTarget "MatchTrackerApp" */ = {
			isa = XCConfigurationList;
			buildConfigurations = (
				8836ECFC166D0332007E6795 /* Debug */,
				8836ECFD166D0332007E6795 /* Release */,
			);
			defaultConfigurationIsVisible = 0;
			defaultConfigurationName = Release;
		};
/* End XCConfigurationList section */
	};
	rootObject = 8836ECC3166D0332007E6795 /* Project object */;
}
